{
    "requires": true,
    "lockfileVersion": 1,
    "dependencies": {
        "g": {
            "version": "2.0.1",
            "resolved": "https://registry.npmjs.org/g/-/g-2.0.1.tgz",
            "integrity": "sha1-C1lj69DKcOO8jGdmk0oCGCHIuFc="
        },
        "perplex": {
            "version": "0.4.1",
            "resolved": "https://registry.npmjs.org/perplex/-/perplex-0.4.1.tgz",
            "integrity": "sha1-5oItz3iWxILKmdjXq5yzydtAx20="
        },
        "tns": {
            "version": "0.2.0",
            "resolved": "https://registry.npmjs.org/tns/-/tns-0.2.0.tgz",
            "integrity": "sha512-XV3sujE2BR18LKwTEAbhA6ffD1hUM2fFOFc/g5pqxlxv+Y4ITD6vIEf4SlljQ+dQyv7NmR6AXH3f1HgWNLzFFg==",
            "requires": {
                "perplex": "^0.4.1"
            }
        }
    }
}
